
Microsoft Visual Studio Solution File, Format Version 12.00
# Visual Studio Version 17
VisualStudioVersion = 17.1.32421.90
MinimumVisualStudioVersion = 10.0.40219.1
Project("{9A19103F-16F7-4668-BE54-9A1E7A4F7556}") = "ShopOnline.Web", "ShopOnline.Web\ShopOnline.Web.csproj", "{2DA49CB3-8607-41DC-ADFC-90146C3A9815}"
EndProject
Project("{9A19103F-16F7-4668-BE54-9A1E7A4F7556}") = "ShopOnline.Api", "ShopOnline.Api\ShopOnline.Api.csproj", "{C483501E-0D27-4CE0-8278-C15E7FE76A46}"
EndProject
Project("{FAE04EC0-301F-11D3-BF4B-00C04F79EFBC}") = "ShopOnline.Models", "ShopOnline.Models\ShopOnline.Models.csproj", "{A39331EA-3C3F-4159-AA51-AE89AAD2F740}"
EndProject
Global
	GlobalSection(SolutionConfigurationPlatforms) = preSolution
		Debug|Any CPU = Debug|Any CPU
		Release|Any CPU = Release|Any CPU
	EndGlobalSection
	GlobalSection(ProjectConfigurationPlatforms) = postSolution
		{2DA49CB3-8607-41DC-ADFC-90146C3A9815}.Debug|Any CPU.ActiveCfg = Debug|Any CPU
		{2DA49CB3-8607-41DC-ADFC-90146C3A9815}.Debug|Any CPU.Build.0 = Debug|Any CPU
		{2DA49CB3-8607-41DC-ADFC-90146C3A9815}.Release|Any CPU.ActiveCfg = Release|Any CPU
		{2DA49CB3-8607-41DC-ADFC-90146C3A9815}.Release|Any CPU.Build.0 = Release|Any CPU
		{C483501E-0D27-4CE0-8278-C15E7FE76A46}.Debug|Any CPU.ActiveCfg = Debug|Any CPU
		{C483501E-0D27-4CE0-8278-C15E7FE76A46}.Debug|Any CPU.Build.0 = Debug|Any CPU
		{C483501E-0D27-4CE0-8278-C15E7FE76A46}.Release|Any CPU.ActiveCfg = Release|Any CPU
		{C483501E-0D27-4CE0-8278-C15E7FE76A46}.Release|Any CPU.Build.0 = Release|Any CPU
		{A39331EA-3C3F-4159-AA51-AE89AAD2F740}.Debug|Any CPU.ActiveCfg = Debug|Any CPU
		{A39331EA-3C3F-4159-AA51-AE89AAD2F740}.Debug|Any CPU.Build.0 = Debug|Any CPU
		{A39331EA-3C3F-4159-AA51-AE89AAD2F740}.Release|Any CPU.ActiveCfg = Release|Any CPU
		{A39331EA-3C3F-4159-AA51-AE89AAD2F740}.Release|Any CPU.Build.0 = Release|Any CPU
	EndGlobalSection
	GlobalSection(SolutionProperties) = preSolution
		HideSolutionNode = FALSE
	EndGlobalSection
	GlobalSection(ExtensibilityGlobals) = postSolution
		SolutionGuid = {D1423C70-B48B-4CD8-8837-11605617D14A}
	EndGlobalSection
EndGlobal
